
Microsoft Visual Studio Solution File, Format Version 12.00
# Visual Studio Version 17
VisualStudioVersion = 17.1.32414.318
MinimumVisualStudioVersion = 10.0.40219.1
Project("{9A19103F-16F7-4668-BE54-9A1E7A4F7556}") = "OwlParser", "OwlParser\OwlParser.csproj", "{968F6207-F22D-4609-9A08-1ED71CD17EFB}"
EndProject
Project("{9A19103F-16F7-4668-BE54-9A1E7A4F7556}") = "OwlParser.Lib", "OwlParser.Application\OwlParser.Lib.csproj", "{4573D135-5638-48B7-A299-65C06A065825}"
EndProject
Global
	GlobalSection(SolutionConfigurationPlatforms) = preSolution
		Debug|Any CPU = Debug|Any CPU
		Release|Any CPU = Release|Any CPU
	EndGlobalSection
	GlobalSection(ProjectConfigurationPlatforms) = postSolution
		{968F6207-F22D-4609-9A08-1ED71CD17EFB}.Debug|Any CPU.ActiveCfg = Debug|Any CPU
		{968F6207-F22D-4609-9A08-1ED71CD17EFB}.Debug|Any CPU.Build.0 = Debug|Any CPU
		{968F6207-F22D-4609-9A08-1ED71CD17EFB}.Release|Any CPU.ActiveCfg = Release|Any CPU
		{968F6207-F22D-4609-9A08-1ED71CD17EFB}.Release|Any CPU.Build.0 = Release|Any CPU
		{4573D135-5638-48B7-A299-65C06A065825}.Debug|Any CPU.ActiveCfg = Debug|Any CPU
		{4573D135-5638-48B7-A299-65C06A065825}.Debug|Any CPU.Build.0 = Debug|Any CPU
		{4573D135-5638-48B7-A299-65C06A065825}.Release|Any CPU.ActiveCfg = Release|Any CPU
		{4573D135-5638-48B7-A299-65C06A065825}.Release|Any CPU.Build.0 = Release|Any CPU
	EndGlobalSection
	GlobalSection(SolutionProperties) = preSolution
		HideSolutionNode = FALSE
	EndGlobalSection
	GlobalSection(ExtensibilityGlobals) = postSolution
		SolutionGuid = {EAEB54FF-5959-4823-8E5A-16A24B059F68}
	EndGlobalSection
EndGlobal
