
Microsoft Visual Studio Solution File, Format Version 12.00
# Visual Studio Version 16
VisualStudioVersion = 16.0.31702.278
MinimumVisualStudioVersion = 10.0.40219.1
Project("{FAE04EC0-301F-11D3-BF4B-00C04F79EFBC}") = "OwlParser", "OwlParser\OwlParser.csproj", "{968F6207-F22D-4609-9A08-1ED71CD17EFB}"
EndProject
Global
	GlobalSection(SolutionConfigurationPlatforms) = preSolution
		Debug|Any CPU = Debug|Any CPU
		Release|Any CPU = Release|Any CPU
	EndGlobalSection
	GlobalSection(ProjectConfigurationPlatforms) = postSolution
		{968F6207-F22D-4609-9A08-1ED71CD17EFB}.Debug|Any CPU.ActiveCfg = Debug|Any CPU
		{968F6207-F22D-4609-9A08-1ED71CD17EFB}.Debug|Any CPU.Build.0 = Debug|Any CPU
		{968F6207-F22D-4609-9A08-1ED71CD17EFB}.Release|Any CPU.ActiveCfg = Release|Any CPU
		{968F6207-F22D-4609-9A08-1ED71CD17EFB}.Release|Any CPU.Build.0 = Release|Any CPU
	EndGlobalSection
	GlobalSection(SolutionProperties) = preSolution
		HideSolutionNode = FALSE
	EndGlobalSection
	GlobalSection(ExtensibilityGlobals) = postSolution
		SolutionGuid = {EAEB54FF-5959-4823-8E5A-16A24B059F68}
	EndGlobalSection
EndGlobal
